
Microsoft Visual Studio Solution File, Format Version 11.00
# Visual Studio 2010
Project("{FAE04EC0-301F-11D3-BF4B-00C04F79EFBC}") = "grensesnitt.AddIn", "grensesnitt.AddIn\grensesnitt.AddIn.csproj", "{982BB349-C3E7-443F-BC0E-EB71AC38A438}"
EndProject
Project("{FAE04EC0-301F-11D3-BF4B-00C04F79EFBC}") = "grensesnitt.Framework", "grensesnitt.Framework\grensesnitt.Framework.csproj", "{7C3378AC-DF04-48B1-95F6-15BCB052BF1A}"
EndProject
Project("{FAE04EC0-301F-11D3-BF4B-00C04F79EFBC}") = "grensesnitt.Sample", "grensesnitt.Sample\grensesnitt.Sample.csproj", "{AD7E6D13-A30C-44B0-AF21-838D750997EB}"
EndProject
Global
	GlobalSection(SolutionConfigurationPlatforms) = preSolution
		Debug|Any CPU = Debug|Any CPU
		Release|Any CPU = Release|Any CPU
	EndGlobalSection
	GlobalSection(ProjectConfigurationPlatforms) = postSolution
		{982BB349-C3E7-443F-BC0E-EB71AC38A438}.Debug|Any CPU.ActiveCfg = Debug|Any CPU
		{982BB349-C3E7-443F-BC0E-EB71AC38A438}.Debug|Any CPU.Build.0 = Debug|Any CPU
		{982BB349-C3E7-443F-BC0E-EB71AC38A438}.Release|Any CPU.ActiveCfg = Release|Any CPU
		{982BB349-C3E7-443F-BC0E-EB71AC38A438}.Release|Any CPU.Build.0 = Release|Any CPU
		{7C3378AC-DF04-48B1-95F6-15BCB052BF1A}.Debug|Any CPU.ActiveCfg = Debug|Any CPU
		{7C3378AC-DF04-48B1-95F6-15BCB052BF1A}.Debug|Any CPU.Build.0 = Debug|Any CPU
		{7C3378AC-DF04-48B1-95F6-15BCB052BF1A}.Release|Any CPU.ActiveCfg = Release|Any CPU
		{7C3378AC-DF04-48B1-95F6-15BCB052BF1A}.Release|Any CPU.Build.0 = Release|Any CPU
		{AD7E6D13-A30C-44B0-AF21-838D750997EB}.Debug|Any CPU.ActiveCfg = Debug|Any CPU
		{AD7E6D13-A30C-44B0-AF21-838D750997EB}.Debug|Any CPU.Build.0 = Debug|Any CPU
		{AD7E6D13-A30C-44B0-AF21-838D750997EB}.Release|Any CPU.ActiveCfg = Release|Any CPU
		{AD7E6D13-A30C-44B0-AF21-838D750997EB}.Release|Any CPU.Build.0 = Release|Any CPU
	EndGlobalSection
	GlobalSection(SolutionProperties) = preSolution
		HideSolutionNode = FALSE
	EndGlobalSection
	GlobalSection(MonoDevelopProperties) = preSolution
		StartupItem = grensesnitt.AddIn\grensesnitt.AddIn.csproj
	EndGlobalSection
EndGlobal
