
Microsoft Visual Studio Solution File, Format Version 10.00
# Visual Studio 2008
Project("{FAE04EC0-301F-11D3-BF4B-00C04F79EFBC}") = "InterfaceInvariants.AddIn", "InterfaceInvariants.AddIn\InterfaceInvariants.AddIn.csproj", "{982BB349-C3E7-443F-BC0E-EB71AC38A438}"
EndProject
Project("{FAE04EC0-301F-11D3-BF4B-00C04F79EFBC}") = "InterfaceInvariants.Sample", "InterfaceInvariants.Sample\InterfaceInvariants.Sample.csproj", "{AD7E6D13-A30C-44B0-AF21-838D750997EB}"
EndProject
Project("{FAE04EC0-301F-11D3-BF4B-00C04F79EFBC}") = "InterfaceInvariants.Framework", "InterfaceInvariants.Framework\InterfaceInvariants.Framework.csproj", "{7C3378AC-DF04-48B1-95F6-15BCB052BF1A}"
EndProject
Global
	GlobalSection(SolutionConfigurationPlatforms) = preSolution
		Debug|Any CPU = Debug|Any CPU
		Release|Any CPU = Release|Any CPU
	EndGlobalSection
	GlobalSection(ProjectConfigurationPlatforms) = postSolution
		{7C3378AC-DF04-48B1-95F6-15BCB052BF1A}.Debug|Any CPU.ActiveCfg = Debug|Any CPU
		{7C3378AC-DF04-48B1-95F6-15BCB052BF1A}.Debug|Any CPU.Build.0 = Debug|Any CPU
		{7C3378AC-DF04-48B1-95F6-15BCB052BF1A}.Release|Any CPU.ActiveCfg = Release|Any CPU
		{7C3378AC-DF04-48B1-95F6-15BCB052BF1A}.Release|Any CPU.Build.0 = Release|Any CPU
		{982BB349-C3E7-443F-BC0E-EB71AC38A438}.Debug|Any CPU.ActiveCfg = Debug|Any CPU
		{982BB349-C3E7-443F-BC0E-EB71AC38A438}.Debug|Any CPU.Build.0 = Debug|Any CPU
		{982BB349-C3E7-443F-BC0E-EB71AC38A438}.Release|Any CPU.ActiveCfg = Release|Any CPU
		{982BB349-C3E7-443F-BC0E-EB71AC38A438}.Release|Any CPU.Build.0 = Release|Any CPU
		{AD7E6D13-A30C-44B0-AF21-838D750997EB}.Debug|Any CPU.ActiveCfg = Debug|Any CPU
		{AD7E6D13-A30C-44B0-AF21-838D750997EB}.Debug|Any CPU.Build.0 = Debug|Any CPU
		{AD7E6D13-A30C-44B0-AF21-838D750997EB}.Release|Any CPU.ActiveCfg = Release|Any CPU
		{AD7E6D13-A30C-44B0-AF21-838D750997EB}.Release|Any CPU.Build.0 = Release|Any CPU
	EndGlobalSection
	GlobalSection(MonoDevelopProperties) = preSolution
		StartupItem = InterfaceInvariants.AddIn\InterfaceInvariants.AddIn.csproj
	EndGlobalSection
EndGlobal
